// !$*UTF8*$!
{
	archiveVersion = 1;
	classes = {
	};
	objectVersion = 46;
	objects = {

/* Begin PBXBuildFile section */
		817FC0F4194777F100A8D91A /* Foundation.framework in Frameworks */ = {isa = PBXBuildFile; fileRef = 817FC0F3194777F100A8D91A /* Foundation.framework */; };
		817FC0F6194777F100A8D91A /* CoreGraphics.framework in Frameworks */ = {isa = PBXBuildFile; fileRef = 817FC0F5194777F100A8D91A /* CoreGraphics.framework */; };
		817FC0F8194777F100A8D91A /* UIKit.framework in Frameworks */ = {isa = PBXBuildFile; fileRef = 817FC0F7194777F100A8D91A /* UIKit.framework */; };
		817FC0FE194777F100A8D91A /* InfoPlist.strings in Resources */ = {isa = PBXBuildFile; fileRef = 817FC0FC194777F100A8D91A /* InfoPlist.strings */; };
		817FC100194777F100A8D91A /* main.m in Sources */ = {isa = PBXBuildFile; fileRef = 817FC0FF194777F100A8D91A /* main.m */; };
		817FC104194777F100A8D91A /* PCSAppDelegate.m in Sources */ = {isa = PBXBuildFile; fileRef = 817FC103194777F100A8D91A /* PCSAppDelegate.m */; };
		817FC106194777F100A8D91A /* Images.xcassets in Resources */ = {isa = PBXBuildFile; fileRef = 817FC105194777F100A8D91A /* Images.xcassets */; };
		817FC10D194777F100A8D91A /* XCTest.framework in Frameworks */ = {isa = PBXBuildFile; fileRef = 817FC10C194777F100A8D91A /* XCTest.framework */; };
		817FC10E194777F100A8D91A /* Foundation.framework in Frameworks */ = {isa = PBXBuildFile; fileRef = 817FC0F3194777F100A8D91A /* Foundation.framework */; };
		817FC10F194777F100A8D91A /* UIKit.framework in Frameworks */ = {isa = PBXBuildFile; fileRef = 817FC0F7194777F100A8D91A /* UIKit.framework */; };
		817FC117194777F100A8D91A /* InfoPlist.strings in Resources */ = {isa = PBXBuildFile; fileRef = 817FC115194777F100A8D91A /* InfoPlist.strings */; };
		817FC119194777F100A8D91A /* PCSViewControllerUtilsExampleTests.m in Sources */ = {isa = PBXBuildFile; fileRef = 817FC118194777F100A8D91A /* PCSViewControllerUtilsExampleTests.m */; };
		817FC1251947781800A8D91A /* UIViewController+PCSUtils.m in Sources */ = {isa = PBXBuildFile; fileRef = 817FC1241947781800A8D91A /* UIViewController+PCSUtils.m */; };
		817FC1281947782E00A8D91A /* MyController.m in Sources */ = {isa = PBXBuildFile; fileRef = 817FC1271947782E00A8D91A /* MyController.m */; };
/* End PBXBuildFile section */

/* Begin PBXContainerItemProxy section */
		817FC110194777F100A8D91A /* PBXContainerItemProxy */ = {
			isa = PBXContainerItemProxy;
			containerPortal = 817FC0E8194777F100A8D91A /* Project object */;
			proxyType = 1;
			remoteGlobalIDString = 817FC0EF194777F100A8D91A;
			remoteInfo = PCSViewControllerUtilsExample;
		};
/* End PBXContainerItemProxy section */

/* Begin PBXFileReference section */
		817FC0F0194777F100A8D91A /* PCSViewControllerUtilsExample.app */ = {isa = PBXFileReference; explicitFileType = wrapper.application; includeInIndex = 0; path = PCSViewControllerUtilsExample.app; sourceTree = BUILT_PRODUCTS_DIR; };
		817FC0F3194777F100A8D91A /* Foundation.framework */ = {isa = PBXFileReference; lastKnownFileType = wrapper.framework; name = Foundation.framework; path = System/Library/Frameworks/Foundation.framework; sourceTree = SDKROOT; };
		817FC0F5194777F100A8D91A /* CoreGraphics.framework */ = {isa = PBXFileReference; lastKnownFileType = wrapper.framework; name = CoreGraphics.framework; path = System/Library/Frameworks/CoreGraphics.framework; sourceTree = SDKROOT; };
		817FC0F7194777F100A8D91A /* UIKit.framework */ = {isa = PBXFileReference; lastKnownFileType = wrapper.framework; name = UIKit.framework; path = System/Library/Frameworks/UIKit.framework; sourceTree = SDKROOT; };
		817FC0FB194777F100A8D91A /* PCSViewControllerUtilsExample-Info.plist */ = {isa = PBXFileReference; lastKnownFileType = text.plist.xml; path = "PCSViewControllerUtilsExample-Info.plist"; sourceTree = "<group>"; };
		817FC0FD194777F100A8D91A /* en */ = {isa = PBXFileReference; lastKnownFileType = text.plist.strings; name = en; path = en.lproj/InfoPlist.strings; sourceTree = "<group>"; };
		817FC0FF194777F100A8D91A /* main.m */ = {isa = PBXFileReference; lastKnownFileType = sourcecode.c.objc; path = main.m; sourceTree = "<group>"; };
		817FC101194777F100A8D91A /* PCSViewControllerUtilsExample-Prefix.pch */ = {isa = PBXFileReference; lastKnownFileType = sourcecode.c.h; path = "PCSViewControllerUtilsExample-Prefix.pch"; sourceTree = "<group>"; };
		817FC102194777F100A8D91A /* PCSAppDelegate.h */ = {isa = PBXFileReference; lastKnownFileType = sourcecode.c.h; path = PCSAppDelegate.h; sourceTree = "<group>"; };
		817FC103194777F100A8D91A /* PCSAppDelegate.m */ = {isa = PBXFileReference; lastKnownFileType = sourcecode.c.objc; path = PCSAppDelegate.m; sourceTree = "<group>"; };
		817FC105194777F100A8D91A /* Images.xcassets */ = {isa = PBXFileReference; lastKnownFileType = folder.assetcatalog; path = Images.xcassets; sourceTree = "<group>"; };
		817FC10B194777F100A8D91A /* PCSViewControllerUtilsExampleTests.xctest */ = {isa = PBXFileReference; explicitFileType = wrapper.cfbundle; includeInIndex = 0; path = PCSViewControllerUtilsExampleTests.xctest; sourceTree = BUILT_PRODUCTS_DIR; };
		817FC10C194777F100A8D91A /* XCTest.framework */ = {isa = PBXFileReference; lastKnownFileType = wrapper.framework; name = XCTest.framework; path = Library/Frameworks/XCTest.framework; sourceTree = DEVELOPER_DIR; };
		817FC114194777F100A8D91A /* PCSViewControllerUtilsExampleTests-Info.plist */ = {isa = PBXFileReference; lastKnownFileType = text.plist.xml; path = "PCSViewControllerUtilsExampleTests-Info.plist"; sourceTree = "<group>"; };
		817FC116194777F100A8D91A /* en */ = {isa = PBXFileReference; lastKnownFileType = text.plist.strings; name = en; path = en.lproj/InfoPlist.strings; sourceTree = "<group>"; };
		817FC118194777F100A8D91A /* PCSViewControllerUtilsExampleTests.m */ = {isa = PBXFileReference; lastKnownFileType = sourcecode.c.objc; path = PCSViewControllerUtilsExampleTests.m; sourceTree = "<group>"; };
		817FC1231947781800A8D91A /* UIViewController+PCSUtils.h */ = {isa = PBXFileReference; fileEncoding = 4; lastKnownFileType = sourcecode.c.h; path = "UIViewController+PCSUtils.h"; sourceTree = "<group>"; };
		817FC1241947781800A8D91A /* UIViewController+PCSUtils.m */ = {isa = PBXFileReference; fileEncoding = 4; lastKnownFileType = sourcecode.c.objc; path = "UIViewController+PCSUtils.m"; sourceTree = "<group>"; };
		817FC1261947782E00A8D91A /* MyController.h */ = {isa = PBXFileReference; fileEncoding = 4; lastKnownFileType = sourcecode.c.h; path = MyController.h; sourceTree = "<group>"; };
		817FC1271947782E00A8D91A /* MyController.m */ = {isa = PBXFileReference; fileEncoding = 4; lastKnownFileType = sourcecode.c.objc; path = MyController.m; sourceTree = "<group>"; };
/* End PBXFileReference section */

/* Begin PBXFrameworksBuildPhase section */
		817FC0ED194777F100A8D91A /* Frameworks */ = {
			isa = PBXFrameworksBuildPhase;
			buildActionMask = 2147483647;
			files = (
				817FC0F6194777F100A8D91A /* CoreGraphics.framework in Frameworks */,
				817FC0F8194777F100A8D91A /* UIKit.framework in Frameworks */,
				817FC0F4194777F100A8D91A /* Foundation.framework in Frameworks */,
			);
			runOnlyForDeploymentPostprocessing = 0;
		};
		817FC108194777F100A8D91A /* Frameworks */ = {
			isa = PBXFrameworksBuildPhase;
			buildActionMask = 2147483647;
			files = (
				817FC10D194777F100A8D91A /* XCTest.framework in Frameworks */,
				817FC10F194777F100A8D91A /* UIKit.framework in Frameworks */,
				817FC10E194777F100A8D91A /* Foundation.framework in Frameworks */,
			);
			runOnlyForDeploymentPostprocessing = 0;
		};
/* End PBXFrameworksBuildPhase section */

/* Begin PBXGroup section */
		817FC0E7194777F100A8D91A = {
			isa = PBXGroup;
			children = (
				817FC1221947780A00A8D91A /* PCSViewControllerUtils */,
				817FC0F9194777F100A8D91A /* PCSViewControllerUtilsExample */,
				817FC112194777F100A8D91A /* PCSViewControllerUtilsExampleTests */,
				817FC0F2194777F100A8D91A /* Frameworks */,
				817FC0F1194777F100A8D91A /* Products */,
			);
			sourceTree = "<group>";
		};
		817FC0F1194777F100A8D91A /* Products */ = {
			isa = PBXGroup;
			children = (
				817FC0F0194777F100A8D91A /* PCSViewControllerUtilsExample.app */,
				817FC10B194777F100A8D91A /* PCSViewControllerUtilsExampleTests.xctest */,
			);
			name = Products;
			sourceTree = "<group>";
		};
		817FC0F2194777F100A8D91A /* Frameworks */ = {
			isa = PBXGroup;
			children = (
				817FC0F3194777F100A8D91A /* Foundation.framework */,
				817FC0F5194777F100A8D91A /* CoreGraphics.framework */,
				817FC0F7194777F100A8D91A /* UIKit.framework */,
				817FC10C194777F100A8D91A /* XCTest.framework */,
			);
			name = Frameworks;
			sourceTree = "<group>";
		};
		817FC0F9194777F100A8D91A /* PCSViewControllerUtilsExample */ = {
			isa = PBXGroup;
			children = (
				817FC1261947782E00A8D91A /* MyController.h */,
				817FC1271947782E00A8D91A /* MyController.m */,
				817FC102194777F100A8D91A /* PCSAppDelegate.h */,
				817FC103194777F100A8D91A /* PCSAppDelegate.m */,
				817FC105194777F100A8D91A /* Images.xcassets */,
				817FC0FA194777F100A8D91A /* Supporting Files */,
			);
			path = PCSViewControllerUtilsExample;
			sourceTree = "<group>";
		};
		817FC0FA194777F100A8D91A /* Supporting Files */ = {
			isa = PBXGroup;
			children = (
				817FC0FB194777F100A8D91A /* PCSViewControllerUtilsExample-Info.plist */,
				817FC0FC194777F100A8D91A /* InfoPlist.strings */,
				817FC0FF194777F100A8D91A /* main.m */,
				817FC101194777F100A8D91A /* PCSViewControllerUtilsExample-Prefix.pch */,
			);
			name = "Supporting Files";
			sourceTree = "<group>";
		};
		817FC112194777F100A8D91A /* PCSViewControllerUtilsExampleTests */ = {
			isa = PBXGroup;
			children = (
				817FC118194777F100A8D91A /* PCSViewControllerUtilsExampleTests.m */,
				817FC113194777F100A8D91A /* Supporting Files */,
			);
			path = PCSViewControllerUtilsExampleTests;
			sourceTree = "<group>";
		};
		817FC113194777F100A8D91A /* Supporting Files */ = {
			isa = PBXGroup;
			children = (
				817FC114194777F100A8D91A /* PCSViewControllerUtilsExampleTests-Info.plist */,
				817FC115194777F100A8D91A /* InfoPlist.strings */,
			);
			name = "Supporting Files";
			sourceTree = "<group>";
		};
		817FC1221947780A00A8D91A /* PCSViewControllerUtils */ = {
			isa = PBXGroup;
			children = (
				817FC1231947781800A8D91A /* UIViewController+PCSUtils.h */,
				817FC1241947781800A8D91A /* UIViewController+PCSUtils.m */,
			);
			name = PCSViewControllerUtils;
			path = ../PCSViewControllerUtils;
			sourceTree = "<group>";
		};
/* End PBXGroup section */

/* Begin PBXNativeTarget section */
		817FC0EF194777F100A8D91A /* PCSViewControllerUtilsExample */ = {
			isa = PBXNativeTarget;
			buildConfigurationList = 817FC11C194777F100A8D91A /* Build configuration list for PBXNativeTarget "PCSViewControllerUtilsExample" */;
			buildPhases = (
				817FC0EC194777F100A8D91A /* Sources */,
				817FC0ED194777F100A8D91A /* Frameworks */,
				817FC0EE194777F100A8D91A /* Resources */,
			);
			buildRules = (
			);
			dependencies = (
			);
			name = PCSViewControllerUtilsExample;
			productName = PCSViewControllerUtilsExample;
			productReference = 817FC0F0194777F100A8D91A /* PCSViewControllerUtilsExample.app */;
			productType = "com.apple.product-type.application";
		};
		817FC10A194777F100A8D91A /* PCSViewControllerUtilsExampleTests */ = {
			isa = PBXNativeTarget;
			buildConfigurationList = 817FC11F194777F100A8D91A /* Build configuration list for PBXNativeTarget "PCSViewControllerUtilsExampleTests" */;
			buildPhases = (
				817FC107194777F100A8D91A /* Sources */,
				817FC108194777F100A8D91A /* Frameworks */,
				817FC109194777F100A8D91A /* Resources */,
			);
			buildRules = (
			);
			dependencies = (
				817FC111194777F100A8D91A /* PBXTargetDependency */,
			);
			name = PCSViewControllerUtilsExampleTests;
			productName = PCSViewControllerUtilsExampleTests;
			productReference = 817FC10B194777F100A8D91A /* PCSViewControllerUtilsExampleTests.xctest */;
			productType = "com.apple.product-type.bundle.unit-test";
		};
/* End PBXNativeTarget section */

/* Begin PBXProject section */
		817FC0E8194777F100A8D91A /* Project object */ = {
			isa = PBXProject;
			attributes = {
				CLASSPREFIX = PCS;
				LastUpgradeCheck = 0510;
				ORGANIZATIONNAME = pchensoftware;
				TargetAttributes = {
					817FC10A194777F100A8D91A = {
						TestTargetID = 817FC0EF194777F100A8D91A;
					};
				};
			};
			buildConfigurationList = 817FC0EB194777F100A8D91A /* Build configuration list for PBXProject "PCSViewControllerUtilsExample" */;
			compatibilityVersion = "Xcode 3.2";
			developmentRegion = English;
			hasScannedForEncodings = 0;
			knownRegions = (
				en,
			);
			mainGroup = 817FC0E7194777F100A8D91A;
			productRefGroup = 817FC0F1194777F100A8D91A /* Products */;
			projectDirPath = "";
			projectRoot = "";
			targets = (
				817FC0EF194777F100A8D91A /* PCSViewControllerUtilsExample */,
				817FC10A194777F100A8D91A /* PCSViewControllerUtilsExampleTests */,
			);
		};
/* End PBXProject section */

/* Begin PBXResourcesBuildPhase section */
		817FC0EE194777F100A8D91A /* Resources */ = {
			isa = PBXResourcesBuildPhase;
			buildActionMask = 2147483647;
			files = (
				817FC0FE194777F100A8D91A /* InfoPlist.strings in Resources */,
				817FC106194777F100A8D91A /* Images.xcassets in Resources */,
			);
			runOnlyForDeploymentPostprocessing = 0;
		};
		817FC109194777F100A8D91A /* Resources */ = {
			isa = PBXResourcesBuildPhase;
			buildActionMask = 2147483647;
			files = (
				817FC117194777F100A8D91A /* InfoPlist.strings in Resources */,
			);
			runOnlyForDeploymentPostprocessing = 0;
		};
/* End PBXResourcesBuildPhase section */

/* Begin PBXSourcesBuildPhase section */
		817FC0EC194777F100A8D91A /* Sources */ = {
			isa = PBXSourcesBuildPhase;
			buildActionMask = 2147483647;
			files = (
				817FC1251947781800A8D91A /* UIViewController+PCSUtils.m in Sources */,
				817FC100194777F100A8D91A /* main.m in Sources */,
				817FC104194777F100A8D91A /* PCSAppDelegate.m in Sources */,
				817FC1281947782E00A8D91A /* MyController.m in Sources */,
			);
			runOnlyForDeploymentPostprocessing = 0;
		};
		817FC107194777F100A8D91A /* Sources */ = {
			isa = PBXSourcesBuildPhase;
			buildActionMask = 2147483647;
			files = (
				817FC119194777F100A8D91A /* PCSViewControllerUtilsExampleTests.m in Sources */,
			);
			runOnlyForDeploymentPostprocessing = 0;
		};
/* End PBXSourcesBuildPhase section */

/* Begin PBXTargetDependency section */
		817FC111194777F100A8D91A /* PBXTargetDependency */ = {
			isa = PBXTargetDependency;
			target = 817FC0EF194777F100A8D91A /* PCSViewControllerUtilsExample */;
			targetProxy = 817FC110194777F100A8D91A /* PBXContainerItemProxy */;
		};
/* End PBXTargetDependency section */

/* Begin PBXVariantGroup section */
		817FC0FC194777F100A8D91A /* InfoPlist.strings */ = {
			isa = PBXVariantGroup;
			children = (
				817FC0FD194777F100A8D91A /* en */,
			);
			name = InfoPlist.strings;
			sourceTree = "<group>";
		};
		817FC115194777F100A8D91A /* InfoPlist.strings */ = {
			isa = PBXVariantGroup;
			children = (
				817FC116194777F100A8D91A /* en */,
			);
			name = InfoPlist.strings;
			sourceTree = "<group>";
		};
/* End PBXVariantGroup section */

/* Begin XCBuildConfiguration section */
		817FC11A194777F100A8D91A /* Debug */ = {
			isa = XCBuildConfiguration;
			buildSettings = {
				ALWAYS_SEARCH_USER_PATHS = NO;
				CLANG_CXX_LANGUAGE_STANDARD = "gnu++0x";
				CLANG_CXX_LIBRARY = "libc++";
				CLANG_ENABLE_MODULES = YES;
				CLANG_ENABLE_OBJC_ARC = YES;
				CLANG_WARN_BOOL_CONVERSION = YES;
				CLANG_WARN_CONSTANT_CONVERSION = YES;
				CLANG_WARN_DIRECT_OBJC_ISA_USAGE = YES_ERROR;
				CLANG_WARN_EMPTY_BODY = YES;
				CLANG_WARN_ENUM_CONVERSION = YES;
				CLANG_WARN_INT_CONVERSION = YES;
				CLANG_WARN_OBJC_ROOT_CLASS = YES_ERROR;
				CLANG_WARN__DUPLICATE_METHOD_MATCH = YES;
				"CODE_SIGN_IDENTITY[sdk=iphoneos*]" = "iPhone Developer";
				COPY_PHASE_STRIP = NO;
				GCC_C_LANGUAGE_STANDARD = gnu99;
				GCC_DYNAMIC_NO_PIC = NO;
				GCC_OPTIMIZATION_LEVEL = 0;
				GCC_PREPROCESSOR_DEFINITIONS = (
					"DEBUG=1",
					"$(inherited)",
				);
				GCC_SYMBOLS_PRIVATE_EXTERN = NO;
				GCC_WARN_64_TO_32_BIT_CONVERSION = YES;
				GCC_WARN_ABOUT_RETURN_TYPE = YES_ERROR;
				GCC_WARN_UNDECLARED_SELECTOR = YES;
				GCC_WARN_UNINITIALIZED_AUTOS = YES_AGGRESSIVE;
				GCC_WARN_UNUSED_FUNCTION = YES;
				GCC_WARN_UNUSED_VARIABLE = YES;
				IPHONEOS_DEPLOYMENT_TARGET = 7.1;
				ONLY_ACTIVE_ARCH = YES;
				SDKROOT = iphoneos;
			};
			name = Debug;
		};
		817FC11B194777F100A8D91A /* Release */ = {
			isa = XCBuildConfiguration;
			buildSettings = {
				ALWAYS_SEARCH_USER_PATHS = NO;
				CLANG_CXX_LANGUAGE_STANDARD = "gnu++0x";
				CLANG_CXX_LIBRARY = "libc++";
				CLANG_ENABLE_MODULES = YES;
				CLANG_ENABLE_OBJC_ARC = YES;
				CLANG_WARN_BOOL_CONVERSION = YES;
				CLANG_WARN_CONSTANT_CONVERSION = YES;
				CLANG_WARN_DIRECT_OBJC_ISA_USAGE = YES_ERROR;
				CLANG_WARN_EMPTY_BODY = YES;
				CLANG_WARN_ENUM_CONVERSION = YES;
				CLANG_WARN_INT_CONVERSION = YES;
				CLANG_WARN_OBJC_ROOT_CLASS = YES_ERROR;
				CLANG_WARN__DUPLICATE_METHOD_MATCH = YES;
				"CODE_SIGN_IDENTITY[sdk=iphoneos*]" = "iPhone Developer";
				COPY_PHASE_STRIP = YES;
				ENABLE_NS_ASSERTIONS = NO;
				GCC_C_LANGUAGE_STANDARD = gnu99;
				GCC_WARN_64_TO_32_BIT_CONVERSION = YES;
				GCC_WARN_ABOUT_RETURN_TYPE = YES_ERROR;
				GCC_WARN_UNDECLARED_SELECTOR = YES;
				GCC_WARN_UNINITIALIZED_AUTOS = YES_AGGRESSIVE;
				GCC_WARN_UNUSED_FUNCTION = YES;
				GCC_WARN_UNUSED_VARIABLE = YES;
				IPHONEOS_DEPLOYMENT_TARGET = 7.1;
				SDKROOT = iphoneos;
				VALIDATE_PRODUCT = YES;
			};
			name = Release;
		};
		817FC11D194777F100A8D91A /* Debug */ = {
			isa = XCBuildConfiguration;
			buildSettings = {
				ASSETCATALOG_COMPILER_APPICON_NAME = AppIcon;
				ASSETCATALOG_COMPILER_LAUNCHIMAGE_NAME = LaunchImage;
				GCC_PRECOMPILE_PREFIX_HEADER = YES;
				GCC_PREFIX_HEADER = "PCSViewControllerUtilsExample/PCSViewControllerUtilsExample-Prefix.pch";
				INFOPLIST_FILE = "PCSViewControllerUtilsExample/PCSViewControllerUtilsExample-Info.plist";
				PRODUCT_NAME = "$(TARGET_NAME)";
				WRAPPER_EXTENSION = app;
			};
			name = Debug;
		};
		817FC11E194777F100A8D91A /* Release */ = {
			isa = XCBuildConfiguration;
			buildSettings = {
				ASSETCATALOG_COMPILER_APPICON_NAME = AppIcon;
				ASSETCATALOG_COMPILER_LAUNCHIMAGE_NAME = LaunchImage;
				GCC_PRECOMPILE_PREFIX_HEADER = YES;
				GCC_PREFIX_HEADER = "PCSViewControllerUtilsExample/PCSViewControllerUtilsExample-Prefix.pch";
				INFOPLIST_FILE = "PCSViewControllerUtilsExample/PCSViewControllerUtilsExample-Info.plist";
				PRODUCT_NAME = "$(TARGET_NAME)";
				WRAPPER_EXTENSION = app;
			};
			name = Release;
		};
		817FC120194777F100A8D91A /* Debug */ = {
			isa = XCBuildConfiguration;
			buildSettings = {
				BUNDLE_LOADER = "$(BUILT_PRODUCTS_DIR)/PCSViewControllerUtilsExample.app/PCSViewControllerUtilsExample";
				FRAMEWORK_SEARCH_PATHS = (
					"$(SDKROOT)/Developer/Library/Frameworks",
					"$(inherited)",
					"$(DEVELOPER_FRAMEWORKS_DIR)",
				);
				GCC_PRECOMPILE_PREFIX_HEADER = YES;
				GCC_PREFIX_HEADER = "PCSViewControllerUtilsExample/PCSViewControllerUtilsExample-Prefix.pch";
				GCC_PREPROCESSOR_DEFINITIONS = (
					"DEBUG=1",
					"$(inherited)",
				);
				INFOPLIST_FILE = "PCSViewControllerUtilsExampleTests/PCSViewControllerUtilsExampleTests-Info.plist";
				PRODUCT_NAME = "$(TARGET_NAME)";
				TEST_HOST = "$(BUNDLE_LOADER)";
				WRAPPER_EXTENSION = xctest;
			};
			name = Debug;
		};
		817FC121194777F100A8D91A /* Release */ = {
			isa = XCBuildConfiguration;
			buildSettings = {
				BUNDLE_LOADER = "$(BUILT_PRODUCTS_DIR)/PCSViewControllerUtilsExample.app/PCSViewControllerUtilsExample";
				FRAMEWORK_SEARCH_PATHS = (
					"$(SDKROOT)/Developer/Library/Frameworks",
					"$(inherited)",
					"$(DEVELOPER_FRAMEWORKS_DIR)",
				);
				GCC_PRECOMPILE_PREFIX_HEADER = YES;
				GCC_PREFIX_HEADER = "PCSViewControllerUtilsExample/PCSViewControllerUtilsExample-Prefix.pch";
				INFOPLIST_FILE = "PCSViewControllerUtilsExampleTests/PCSViewControllerUtilsExampleTests-Info.plist";
				PRODUCT_NAME = "$(TARGET_NAME)";
				TEST_HOST = "$(BUNDLE_LOADER)";
				WRAPPER_EXTENSION = xctest;
			};
			name = Release;
		};
/* End XCBuildConfiguration section */

/* Begin XCConfigurationList section */
		817FC0EB194777F100A8D91A /* Build configuration list for PBXProject "PCSViewControllerUtilsExample" */ = {
			isa = XCConfigurationList;
			buildConfigurations = (
				817FC11A194777F100A8D91A /* Debug */,
				817FC11B194777F100A8D91A /* Release */,
			);
			defaultConfigurationIsVisible = 0;
			defaultConfigurationName = Release;
		};
		817FC11C194777F100A8D91A /* Build configuration list for PBXNativeTarget "PCSViewControllerUtilsExample" */ = {
			isa = XCConfigurationList;
			buildConfigurations = (
				817FC11D194777F100A8D91A /* Debug */,
				817FC11E194777F100A8D91A /* Release */,
			);
			defaultConfigurationIsVisible = 0;
			defaultConfigurationName = Release;
		};
		817FC11F194777F100A8D91A /* Build configuration list for PBXNativeTarget "PCSViewControllerUtilsExampleTests" */ = {
			isa = XCConfigurationList;
			buildConfigurations = (
				817FC120194777F100A8D91A /* Debug */,
				817FC121194777F100A8D91A /* Release */,
			);
			defaultConfigurationIsVisible = 0;
			defaultConfigurationName = Release;
		};
/* End XCConfigurationList section */
	};
	rootObject = 817FC0E8194777F100A8D91A /* Project object */;
}
